
Microsoft Visual Studio Solution File, Format Version 12.00
# Visual Studio Version 16
VisualStudioVersion = 16.0.31424.327
MinimumVisualStudioVersion = 10.0.40219.1
Project("{FAE04EC0-301F-11D3-BF4B-00C04F79EFBC}") = "Evolution_algo", "Evolution_algo\Evolution_algo.csproj", "{46DDDB85-685D-4F38-A65A-B730C2433746}"
EndProject
Global
	GlobalSection(SolutionConfigurationPlatforms) = preSolution
		Debug|Any CPU = Debug|Any CPU
		Release|Any CPU = Release|Any CPU
	EndGlobalSection
	GlobalSection(ProjectConfigurationPlatforms) = postSolution
		{46DDDB85-685D-4F38-A65A-B730C2433746}.Debug|Any CPU.ActiveCfg = Debug|Any CPU
		{46DDDB85-685D-4F38-A65A-B730C2433746}.Debug|Any CPU.Build.0 = Debug|Any CPU
		{46DDDB85-685D-4F38-A65A-B730C2433746}.Release|Any CPU.ActiveCfg = Release|Any CPU
		{46DDDB85-685D-4F38-A65A-B730C2433746}.Release|Any CPU.Build.0 = Release|Any CPU
	EndGlobalSection
	GlobalSection(SolutionProperties) = preSolution
		HideSolutionNode = FALSE
	EndGlobalSection
	GlobalSection(ExtensibilityGlobals) = postSolution
		SolutionGuid = {8C4D5CA1-F568-4B8B-B583-BECE8BB997D3}
	EndGlobalSection
EndGlobal
